
Microsoft Visual Studio Solution File, Format Version 12.00
# Visual Studio Version 17
VisualStudioVersion = 17.5.002.0
MinimumVisualStudioVersion = 10.0.40219.1
Project("{9A19103F-16F7-4668-BE54-9A1E7A4F7556}") = "Task2", "Task2.csproj", "{4F1F8FE3-CC22-4737-AE36-280BD610DDA6}"
EndProject
Global
	GlobalSection(SolutionConfigurationPlatforms) = preSolution
		Debug|Any CPU = Debug|Any CPU
		Release|Any CPU = Release|Any CPU
	EndGlobalSection
	GlobalSection(ProjectConfigurationPlatforms) = postSolution
		{4F1F8FE3-CC22-4737-AE36-280BD610DDA6}.Debug|Any CPU.ActiveCfg = Debug|Any CPU
		{4F1F8FE3-CC22-4737-AE36-280BD610DDA6}.Debug|Any CPU.Build.0 = Debug|Any CPU
		{4F1F8FE3-CC22-4737-AE36-280BD610DDA6}.Release|Any CPU.ActiveCfg = Release|Any CPU
		{4F1F8FE3-CC22-4737-AE36-280BD610DDA6}.Release|Any CPU.Build.0 = Release|Any CPU
	EndGlobalSection
	GlobalSection(SolutionProperties) = preSolution
		HideSolutionNode = FALSE
	EndGlobalSection
	GlobalSection(ExtensibilityGlobals) = postSolution
		SolutionGuid = {B94C94B5-5439-46A6-B5CC-C0FDF86C0F79}
	EndGlobalSection
EndGlobal
